{
  "name": "xecmascript",
  "version": "0.0.0",
  "lockfileVersion": 1,
  "requires": true,
  "dependencies": {
    "@types/json5": {
      "version": "0.0.29",
      "resolved": "https://registry.npmjs.org/@types/json5/-/json5-0.0.29.tgz",
      "integrity": "sha1-7ihweulOEdK4J7y+UnC86n8+ce4=",
      "dev": true
    },
    "aria-query": {
      "version": "0.7.1",
      "resolved": "https://registry.npmjs.org/aria-query/-/aria-query-0.7.1.tgz",
      "integrity": "sha1-Jsu1r/ZBRLCoJb4YRuCxbPoAsR4=",
      "dev": true,
      "requires": {
        "ast-types-flow": "0.0.7",
        "commander": "^2.11.0"
      }
    },
    "array-includes": {
      "version": "3.1.3",
      "resolved": "https://registry.npmjs.org/array-includes/-/array-includes-3.1.3.tgz",
      "integrity": "sha512-gcem1KlBU7c9rB+Rq8/3PPKsK2kjqeEBa3bD5kkQo4nYlOHQCJqIJFqBXDEfwaRuYTT4E+FxA9xez7Gf/e3Q7A==",
      "dev": true,
      "requires": {
        "call-bind": "^1.0.2",
        "define-properties": "^1.1.3",
        "es-abstract": "^1.18.0-next.2",
        "get-intrinsic": "^1.1.1",
        "is-string": "^1.0.5"
      }
    },
    "array.prototype.flat": {
      "version": "1.2.4",
      "resolved": "https://registry.npmjs.org/array.prototype.flat/-/array.prototype.flat-1.2.4.tgz",
      "integrity": "sha512-4470Xi3GAPAjZqFcljX2xzckv1qeKPizoNkiS0+O4IoPR2ZNpcjE0pkhdihlDouK+x6QOast26B4Q/O9DJnwSg==",
      "dev": true,
      "requires": {
        "call-bind": "^1.0.0",
        "define-properties": "^1.1.3",
        "es-abstract": "^1.18.0-next.1"
      }
    },
    "array.prototype.flatmap": {
      "version": "1.2.4",
      "resolved": "https://registry.npmjs.org/array.prototype.flatmap/-/array.prototype.flatmap-1.2.4.tgz",
      "integrity": "sha512-r9Z0zYoxqHz60vvQbWEdXIEtCwHF0yxaWfno9qzXeNHvfyl3BZqygmGzb84dsubyaXLH4husF+NFgMSdpZhk2Q==",
      "dev": true,
      "requires": {
        "call-bind": "^1.0.0",
        "define-properties": "^1.1.3",
        "es-abstract": "^1.18.0-next.1",
        "function-bind": "^1.1.1"
      }
    },
    "ast-types-flow": {
      "version": "0.0.7",
      "resolved": "https://registry.npmjs.org/ast-types-flow/-/ast-types-flow-0.0.7.tgz",
      "integrity": "sha1-9wtzXGvKGlycItmCw+Oef+ujva0=",
      "dev": true
    },
    "axobject-query": {
      "version": "0.1.0",
      "resolved": "https://registry.npmjs.org/axobject-query/-/axobject-query-0.1.0.tgz",
      "integrity": "sha1-YvWdvFnJ+SQnWco0mWDnov48NsA=",
      "dev": true,
      "requires": {
        "ast-types-flow": "0.0.7"
      }
    },
    "babel-jest": {
      "version": "20.0.3",
      "resolved": "https://registry.npmjs.org/babel-jest/-/babel-jest-20.0.3.tgz",
      "integrity": "sha1-5KA7E9wQOJ4UD8ZF0J/8TO0wFnE=",
      "dev": true
    },
    "babel-plugin-transform-builtin-extend": {
      "version": "1.1.2",
      "resolved": "https://registry.npmjs.org/babel-plugin-transform-builtin-extend/-/babel-plugin-transform-builtin-extend-1.1.2.tgz",
      "integrity": "sha1-Xpb+z1i4+h7XTvytiEdbKvPJEW4=",
      "dev": true,
      "requires": {
        "babel-runtime": "^6.2.0",
        "babel-template": "^6.3.0"
      }
    },
    "babel-preset-env": {
      "version": "1.5.1",
      "resolved": "https://registry.npmjs.org/babel-preset-env/-/babel-preset-env-1.5.1.tgz",
      "integrity": "sha1-0uymrxee3yfNwwWoSCD2AbRW3Qs=",
      "dev": true
    },
    "babel-runtime": {
      "version": "6.23.0",
      "resolved": "https://registry.npmjs.org/babel-runtime/-/babel-runtime-6.23.0.tgz",
      "integrity": "sha1-CpSJ8UTecO+zzkMArM2zKeL8VDs=",
      "dev": true
    },
    "babel-template": {
      "version": "6.24.1",
      "resolved": "https://registry.npmjs.org/babel-template/-/babel-template-6.24.1.tgz",
      "integrity": "sha1-BK5RTx+Ts6JTfyoPYKWkX7gwgzM=",
      "dev": true
    },
    "call-bind": {
      "version": "1.0.2",
      "resolved": "https://registry.npmjs.org/call-bind/-/call-bind-1.0.2.tgz",
      "integrity": "sha512-7O+FbCihrB5WGbFYesctwmTKae6rOiIzmz1icreWJ+0aA7LJfuqhEso2T9ncpcFtzMQtzXf2QGGueWJGTYsqrA==",
      "dev": true,
      "requires": {
        "function-bind": "^1.1.1",
        "get-intrinsic": "^1.0.2"
      }
    },
    "commander": {
      "version": "2.20.3",
      "resolved": "https://registry.npmjs.org/commander/-/commander-2.20.3.tgz",
      "integrity": "sha512-GpVkmM8vF2vQUkj2LvZmD35JxeJOLCwJ9cUkugyk2nuhbv3+mJvpLYYt+0+USMxE+oj+ey/lJEnhZw75x/OMcQ==",
      "dev": true
    },
    "damerau-levenshtein": {
      "version": "1.0.7",
      "resolved": "https://registry.npmjs.org/damerau-levenshtein/-/damerau-levenshtein-1.0.7.tgz",
      "integrity": "sha512-VvdQIPGdWP0SqFXghj79Wf/5LArmreyMsGLa6FG6iC4t3j7j5s71TrwWmT/4akbDQIqjfACkLZmjXhA7g2oUZw==",
      "dev": true
    },
    "define-properties": {
      "version": "1.1.3",
      "resolved": "https://registry.npmjs.org/define-properties/-/define-properties-1.1.3.tgz",
      "integrity": "sha512-3MqfYKj2lLzdMSf8ZIZE/V+Zuy+BgD6f164e8K2w7dgnpKArBDerGYpM46IYYcjnkdPNMjPk9A6VFB8+3SKlXQ==",
      "dev": true,
      "requires": {
        "object-keys": "^1.0.12"
      }
    },
    "emoji-regex": {
      "version": "6.5.1",
      "resolved": "https://registry.npmjs.org/emoji-regex/-/emoji-regex-6.5.1.tgz",
      "integrity": "sha512-PAHp6TxrCy7MGMFidro8uikr+zlJJKJ/Q6mm2ExZ7HwkyR9lSVFfE3kt36qcwa24BQL7y0G9axycGjK1A/0uNQ==",
      "dev": true
    },
    "error-ex": {
      "version": "1.3.1",
      "resolved": "https://registry.npmjs.org/error-ex/-/error-ex-1.3.1.tgz",
      "integrity": "sha1-+FWobOYa3E6GIcPNoh56dhLDqNw=",
      "dev": true
    },
    "es-abstract": {
      "version": "1.18.3",
      "resolved": "https://registry.npmjs.org/es-abstract/-/es-abstract-1.18.3.tgz",
      "integrity": "sha512-nQIr12dxV7SSxE6r6f1l3DtAeEYdsGpps13dR0TwJg1S8gyp4ZPgy3FZcHBgbiQqnoqSTb+oC+kO4UQ0C/J8vw==",
      "dev": true,
      "requires": {
        "call-bind": "^1.0.2",
        "es-to-primitive": "^1.2.1",
        "function-bind": "^1.1.1",
        "get-intrinsic": "^1.1.1",
        "has": "^1.0.3",
        "has-symbols": "^1.0.2",
        "is-callable": "^1.2.3",
        "is-negative-zero": "^2.0.1",
        "is-regex": "^1.1.3",
        "is-string": "^1.0.6",
        "object-inspect": "^1.10.3",
        "object-keys": "^1.1.1",
        "object.assign": "^4.1.2",
        "string.prototype.trimend": "^1.0.4",
        "string.prototype.trimstart": "^1.0.4",
        "unbox-primitive": "^1.0.1"
      }
    },
    "es-to-primitive": {
      "version": "1.2.1",
      "resolved": "https://registry.npmjs.org/es-to-primitive/-/es-to-primitive-1.2.1.tgz",
      "integrity": "sha512-QCOllgZJtaUo9miYBcLChTUaHNjJF3PYs1VidD7AwiEj1kYxKeQTctLAezAOH5ZKRH0g2IgPn6KwB4IT8iRpvA==",
      "dev": true,
      "requires": {
        "is-callable": "^1.1.4",
        "is-date-object": "^1.0.1",
        "is-symbol": "^1.0.2"
      }
    },
    "eslint": {
      "version": "3.19.0",
      "resolved": "https://registry.npmjs.org/eslint/-/eslint-3.19.0.tgz",
      "integrity": "sha1-yPxiAcf0DdCJQbh8CFdnOGpnmsw=",
      "dev": true,
      "dependencies": {
        "strip-bom": {
          "version": "3.0.0",
          "resolved": "https://registry.npmjs.org/strip-bom/-/strip-bom-3.0.0.tgz",
          "integrity": "sha1-IzTBjpx1n3vdVv3vfprj1YjmjtM="
        }
      }
    },
    "eslint-config-airbnb": {
      "version": "15.1.0",
      "resolved": "https://registry.npmjs.org/eslint-config-airbnb/-/eslint-config-airbnb-15.1.0.tgz",
      "integrity": "sha512-m0q9fiMBzDAIbirlGnpJNWToIhdhJmXXnMG+IFflYzzod9231ZhtmGKegKg8E9T8F1YuVaDSU1FnCm5b9iXVhQ==",
      "dev": true,
      "requires": {
        "eslint-config-airbnb-base": "^11.3.0"
      }
    },
    "eslint-config-airbnb-base": {
      "version": "11.3.2",
      "resolved": "https://registry.npmjs.org/eslint-config-airbnb-base/-/eslint-config-airbnb-base-11.3.2.tgz",
      "integrity": "sha512-/fhjt/VqzBA2SRsx7ErDtv6Ayf+XLw9LIOqmpBuHFCVwyJo2EtzGWMB9fYRFBoWWQLxmNmCpenNiH0RxyeS41w==",
      "dev": true,
      "requires": {
        "eslint-restricted-globals": "^0.1.1"
      }
    },
    "eslint-import-resolver-node": {
      "version": "0.3.4",
      "resolved": "https://registry.npmjs.org/eslint-import-resolver-node/-/eslint-import-resolver-node-0.3.4.tgz",
      "integrity": "sha512-ogtf+5AB/O+nM6DIeBUNr2fuT7ot9Qg/1harBfBtaP13ekEWFQEEMP94BCB7zaNW3gyY+8SHYF00rnqYwXKWOA==",
      "dev": true,
      "requires": {
        "debug": "^2.6.9",
        "resolve": "^1.13.1"
      },
      "dependencies": {
        "debug": {
          "version": "2.6.9",
          "resolved": "https://registry.npmjs.org/debug/-/debug-2.6.9.tgz",
          "integrity": "sha512-bC7ElrdJaJnPbAP+1EotYvqZsb3ecl5wi6Bfi6BJTUcNowp6cvspg0jXznRTKDjm/E7AdgFBVeAPVMNcKGsHMA==",
          "dev": true,
          "requires": {
            "ms": "2.0.0"
          }
        },
        "path-parse": {
          "version": "1.0.7",
          "resolved": "https://registry.npmjs.org/path-parse/-/path-parse-1.0.7.tgz",
          "integrity": "sha512-LDJzPVEEEPR+y48z93A0Ed0yXb8pAByGWo/k5YYdYgpY2/2EsOsksJrq7lOHxryrVOn1ejG6oAp8ahvOIQD8sw==",
          "dev": true
        },
        "resolve": {
          "version": "1.20.0",
          "resolved": "https://registry.npmjs.org/resolve/-/resolve-1.20.0.tgz",
          "integrity": "sha512-wENBPt4ySzg4ybFQW2TT1zMQucPK95HSh/nq2CFTZVOGut2+pQvSsgtda4d26YrYcr067wjbmzOG8byDPBX63A==",
          "dev": true,
          "requires": {
            "is-core-module": "^2.2.0",
            "path-parse": "^1.0.6"
          }
        }
      }
    },
    "eslint-module-utils": {
      "version": "2.6.1",
      "resolved": "https://registry.npmjs.org/eslint-module-utils/-/eslint-module-utils-2.6.1.tgz",
      "integrity": "sha512-ZXI9B8cxAJIH4nfkhTwcRTEAnrVfobYqwjWy/QMCZ8rHkZHFjf9yO4BzpiF9kCSfNlMG54eKigISHpX0+AaT4A==",
      "dev": true,
      "requires": {
        "debug": "^3.2.7",
        "pkg-dir": "^2.0.0"
      },
      "dependencies": {
        "debug": {
          "version": "3.2.7",
          "resolved": "https://registry.npmjs.org/debug/-/debug-3.2.7.tgz",
          "integrity": "sha512-CFjzYYAi4ThfiQvizrFQevTTXHtnCqWfe7x1AhgEscTz6ZbLbfoLRLPugTQyBth6f8ZERVUSyWHFD/7Wu4t1XQ==",
          "dev": true,
          "requires": {
            "ms": "^2.1.1"
          }
        },
        "ms": {
          "version": "2.1.3",
          "resolved": "https://registry.npmjs.org/ms/-/ms-2.1.3.tgz",
          "integrity": "sha512-6FlzubTLZG3J2a/NVCAleEhjzq5oxgHyaCU9yYXvcLsvoVaHJq/s5xXI6/XXP6tz7R9xAOtHnSO/tXtF3WRTlA==",
          "dev": true
        }
      }
    },
    "eslint-plugin-import": {
      "version": "2.23.4",
      "resolved": "https://registry.npmjs.org/eslint-plugin-import/-/eslint-plugin-import-2.23.4.tgz",
      "integrity": "sha512-6/wP8zZRsnQFiR3iaPFgh5ImVRM1WN5NUWfTIRqwOdeiGJlBcSk82o1FEVq8yXmy4lkIzTo7YhHCIxlU/2HyEQ==",
      "dev": true,
      "requires": {
        "array-includes": "^3.1.3",
        "array.prototype.flat": "^1.2.4",
        "debug": "^2.6.9",
        "doctrine": "^2.1.0",
        "eslint-import-resolver-node": "^0.3.4",
        "eslint-module-utils": "^2.6.1",
        "find-up": "^2.0.0",
        "has": "^1.0.3",
        "is-core-module": "^2.4.0",
        "minimatch": "^3.0.4",
        "object.values": "^1.1.3",
        "pkg-up": "^2.0.0",
        "read-pkg-up": "^3.0.0",
        "resolve": "^1.20.0",
        "tsconfig-paths": "^3.9.0"
      },
      "dependencies": {
        "debug": {
          "version": "2.6.9",
          "resolved": "https://registry.npmjs.org/debug/-/debug-2.6.9.tgz",
          "integrity": "sha512-bC7ElrdJaJnPbAP+1EotYvqZsb3ecl5wi6Bfi6BJTUcNowp6cvspg0jXznRTKDjm/E7AdgFBVeAPVMNcKGsHMA==",
          "dev": true,
          "requires": {
            "ms": "2.0.0"
          }
        },
        "doctrine": {
          "version": "2.1.0",
          "resolved": "https://registry.npmjs.org/doctrine/-/doctrine-2.1.0.tgz",
          "integrity": "sha512-35mSku4ZXK0vfCuHEDAwt55dg2jNajHZ1odvF+8SSr82EsZY4QmXfuWso8oEd8zRhVObSN18aM0CjSdoBX7zIw==",
          "dev": true,
          "requires": {
            "esutils": "^2.0.2"
          }
        },
        "load-json-file": {
          "version": "4.0.0",
          "resolved": "https://registry.npmjs.org/load-json-file/-/load-json-file-4.0.0.tgz",
          "integrity": "sha1-L19Fq5HjMhYjT9U62rZo607AmTs=",
          "dev": true,
          "requires": {
            "graceful-fs": "^4.1.2",
            "parse-json": "^4.0.0",
            "pify": "^3.0.0",
            "strip-bom": "^3.0.0"
          }
        },
        "parse-json": {
          "version": "4.0.0",
          "resolved": "https://registry.npmjs.org/parse-json/-/parse-json-4.0.0.tgz",
          "integrity": "sha1-vjX1Qlvh9/bHRxhPmKeIy5lHfuA=",
          "dev": true,
          "requires": {
            "error-ex": "^1.3.1",
            "json-parse-better-errors": "^1.0.1"
          }
        },
        "path-parse": {
          "version": "1.0.7",
          "resolved": "https://registry.npmjs.org/path-parse/-/path-parse-1.0.7.tgz",
          "integrity": "sha512-LDJzPVEEEPR+y48z93A0Ed0yXb8pAByGWo/k5YYdYgpY2/2EsOsksJrq7lOHxryrVOn1ejG6oAp8ahvOIQD8sw==",
          "dev": true
        },
        "path-type": {
          "version": "3.0.0",
          "resolved": "https://registry.npmjs.org/path-type/-/path-type-3.0.0.tgz",
          "integrity": "sha512-T2ZUsdZFHgA3u4e5PfPbjd7HDDpxPnQb5jN0SrDsjNSuVXHJqtwTnWqG0B1jZrgmJ/7lj1EmVIByWt1gxGkWvg==",
          "dev": true,
          "requires": {
            "pify": "^3.0.0"
          }
        },
        "pify": {
          "version": "3.0.0",
          "resolved": "https://registry.npmjs.org/pify/-/pify-3.0.0.tgz",
          "integrity": "sha1-5aSs0sEB/fPZpNB/DbxNtJ3SgXY=",
          "dev": true
        },
        "read-pkg": {
          "version": "3.0.0",
          "resolved": "https://registry.npmjs.org/read-pkg/-/read-pkg-3.0.0.tgz",
          "integrity": "sha1-nLxoaXj+5l0WwA4rGcI3/Pbjg4k=",
          "dev": true,
          "requires": {
            "load-json-file": "^4.0.0",
            "normalize-package-data": "^2.3.2",
            "path-type": "^3.0.0"
          }
        },
        "read-pkg-up": {
          "version": "3.0.0",
          "resolved": "https://registry.npmjs.org/read-pkg-up/-/read-pkg-up-3.0.0.tgz",
          "integrity": "sha1-PtSWaF26D4/hGNBpHcUfSh/5bwc=",
          "dev": true,
          "requires": {
            "find-up": "^2.0.0",
            "read-pkg": "^3.0.0"
          }
        },
        "resolve": {
          "version": "1.20.0",
          "resolved": "https://registry.npmjs.org/resolve/-/resolve-1.20.0.tgz",
          "integrity": "sha512-wENBPt4ySzg4ybFQW2TT1zMQucPK95HSh/nq2CFTZVOGut2+pQvSsgtda4d26YrYcr067wjbmzOG8byDPBX63A==",
          "dev": true,
          "requires": {
            "is-core-module": "^2.2.0",
            "path-parse": "^1.0.6"
          }
        },
        "strip-bom": {
          "version": "3.0.0",
          "resolved": "https://registry.npmjs.org/strip-bom/-/strip-bom-3.0.0.tgz",
          "integrity": "sha1-IzTBjpx1n3vdVv3vfprj1YjmjtM=",
          "dev": true
        }
      }
    },
    "eslint-plugin-jsx-a11y": {
      "version": "5.1.1",
      "resolved": "https://registry.npmjs.org/eslint-plugin-jsx-a11y/-/eslint-plugin-jsx-a11y-5.1.1.tgz",
      "integrity": "sha512-5I9SpoP7gT4wBFOtXT8/tXNPYohHBVfyVfO17vkbC7r9kEIxYJF12D3pKqhk8+xnk12rfxKClS3WCFpVckFTPQ==",
      "dev": true,
      "requires": {
        "aria-query": "^0.7.0",
        "array-includes": "^3.0.3",
        "ast-types-flow": "0.0.7",
        "axobject-query": "^0.1.0",
        "damerau-levenshtein": "^1.0.0",
        "emoji-regex": "^6.1.0",
        "jsx-ast-utils": "^1.4.0"
      }
    },
    "eslint-plugin-react": {
      "version": "7.24.0",
      "resolved": "https://registry.npmjs.org/eslint-plugin-react/-/eslint-plugin-react-7.24.0.tgz",
      "integrity": "sha512-KJJIx2SYx7PBx3ONe/mEeMz4YE0Lcr7feJTCMyyKb/341NcjuAgim3Acgan89GfPv7nxXK2+0slu0CWXYM4x+Q==",
      "dev": true,
      "requires": {
        "array-includes": "^3.1.3",
        "array.prototype.flatmap": "^1.2.4",
        "doctrine": "^2.1.0",
        "has": "^1.0.3",
        "jsx-ast-utils": "^2.4.1 || ^3.0.0",
        "minimatch": "^3.0.4",
        "object.entries": "^1.1.4",
        "object.fromentries": "^2.0.4",
        "object.values": "^1.1.4",
        "prop-types": "^15.7.2",
        "resolve": "^2.0.0-next.3",
        "string.prototype.matchall": "^4.0.5"
      },
      "dependencies": {
        "doctrine": {
          "version": "2.1.0",
          "resolved": "https://registry.npmjs.org/doctrine/-/doctrine-2.1.0.tgz",
          "integrity": "sha512-35mSku4ZXK0vfCuHEDAwt55dg2jNajHZ1odvF+8SSr82EsZY4QmXfuWso8oEd8zRhVObSN18aM0CjSdoBX7zIw==",
          "dev": true,
          "requires": {
            "esutils": "^2.0.2"
          }
        },
        "jsx-ast-utils": {
          "version": "3.2.0",
          "resolved": "https://registry.npmjs.org/jsx-ast-utils/-/jsx-ast-utils-3.2.0.tgz",
          "integrity": "sha512-EIsmt3O3ljsU6sot/J4E1zDRxfBNrhjyf/OKjlydwgEimQuznlM4Wv7U+ueONJMyEn1WRE0K8dhi3dVAXYT24Q==",
          "dev": true,
          "requires": {
            "array-includes": "^3.1.2",
            "object.assign": "^4.1.2"
          }
        },
        "path-parse": {
          "version": "1.0.7",
          "resolved": "https://registry.npmjs.org/path-parse/-/path-parse-1.0.7.tgz",
          "integrity": "sha512-LDJzPVEEEPR+y48z93A0Ed0yXb8pAByGWo/k5YYdYgpY2/2EsOsksJrq7lOHxryrVOn1ejG6oAp8ahvOIQD8sw==",
          "dev": true
        },
        "resolve": {
          "version": "2.0.0-next.3",
          "resolved": "https://registry.npmjs.org/resolve/-/resolve-2.0.0-next.3.tgz",
          "integrity": "sha512-W8LucSynKUIDu9ylraa7ueVZ7hc0uAgJBxVsQSKOXOyle8a93qXhcz+XAXZ8bIq2d6i4Ehddn6Evt+0/UwKk6Q==",
          "dev": true,
          "requires": {
            "is-core-module": "^2.2.0",
            "path-parse": "^1.0.6"
          }
        }
      }
    },
    "eslint-restricted-globals": {
      "version": "0.1.1",
      "resolved": "https://registry.npmjs.org/eslint-restricted-globals/-/eslint-restricted-globals-0.1.1.tgz",
      "integrity": "sha1-NfDVy8ZMLj7WLpO0saevBbp+1Nc=",
      "dev": true
    },
    "esutils": {
      "version": "2.0.2",
      "resolved": "https://registry.npmjs.org/esutils/-/esutils-2.0.2.tgz",
      "integrity": "sha1-Cr9PHKpbyx96nYrMbepPqqBLrJs=",
      "dev": true
    },
    "find-up": {
      "version": "2.1.0",
      "resolved": "https://registry.npmjs.org/find-up/-/find-up-2.1.0.tgz",
      "integrity": "sha1-RdG35QbHF93UgndaK3eSCjwMV6c=",
      "dev": true
    },
    "function-bind": {
      "version": "1.1.1",
      "resolved": "https://registry.npmjs.org/function-bind/-/function-bind-1.1.1.tgz",
      "integrity": "sha512-yIovAzMX49sF8Yl58fSCWJ5svSLuaibPxXQJFLmBObTuCr0Mf1KiPopGM9NiFjiYBCbfaa2Fh6breQ6ANVTI0A==",
      "dev": true
    },
    "get-intrinsic": {
      "version": "1.1.1",
      "resolved": "https://registry.npmjs.org/get-intrinsic/-/get-intrinsic-1.1.1.tgz",
      "integrity": "sha512-kWZrnVM42QCiEA2Ig1bG8zjoIMOgxWwYCEeNdwY6Tv/cOSeGpcoX4pXHfKUxNKVoArnrEr2e9srnAxxGIraS9Q==",
      "dev": true,
      "requires": {
        "function-bind": "^1.1.1",
        "has": "^1.0.3",
        "has-symbols": "^1.0.1"
      }
    },
    "graceful-fs": {
      "version": "4.1.11",
      "resolved": "https://registry.npmjs.org/graceful-fs/-/graceful-fs-4.1.11.tgz",
      "integrity": "sha1-Dovf5NHduIVNZOBOp8AOKgJuVlg=",
      "dev": true
    },
    "has": {
      "version": "1.0.3",
      "resolved": "https://registry.npmjs.org/has/-/has-1.0.3.tgz",
      "integrity": "sha512-f2dvO0VU6Oej7RkWJGrehjbzMAjFp5/VKPp5tTpWIV4JHHZK1/BxbFRtf/siA2SWTe09caDmVtYYzWEIbBS4zw==",
      "dev": true,
      "requires": {
        "function-bind": "^1.1.1"
      }
    },
    "has-bigints": {
      "version": "1.0.1",
      "resolved": "https://registry.npmjs.org/has-bigints/-/has-bigints-1.0.1.tgz",
      "integrity": "sha512-LSBS2LjbNBTf6287JEbEzvJgftkF5qFkmCo9hDRpAzKhUOlJ+hx8dd4USs00SgsUNwc4617J9ki5YtEClM2ffA==",
      "dev": true
    },
    "has-symbols": {
      "version": "1.0.2",
      "resolved": "https://registry.npmjs.org/has-symbols/-/has-symbols-1.0.2.tgz",
      "integrity": "sha512-chXa79rL/UC2KlX17jo3vRGz0azaWEx5tGqZg5pO3NUyEJVB17dMruQlzCCOfUvElghKcm5194+BCRvi2Rv/Gw==",
      "dev": true
    },
    "internal-slot": {
      "version": "1.0.3",
      "resolved": "https://registry.npmjs.org/internal-slot/-/internal-slot-1.0.3.tgz",
      "integrity": "sha512-O0DB1JC/sPyZl7cIo78n5dR7eUSwwpYPiXRhTzNxZVAMUuB8vlnRFyLxdrVToks6XPLVnFfbzaVd5WLjhgg+vA==",
      "dev": true,
      "requires": {
        "get-intrinsic": "^1.1.0",
        "has": "^1.0.3",
        "side-channel": "^1.0.4"
      }
    },
    "is-bigint": {
      "version": "1.0.2",
      "resolved": "https://registry.npmjs.org/is-bigint/-/is-bigint-1.0.2.tgz",
      "integrity": "sha512-0JV5+SOCQkIdzjBK9buARcV804Ddu7A0Qet6sHi3FimE9ne6m4BGQZfRn+NZiXbBk4F4XmHfDZIipLj9pX8dSA==",
      "dev": true
    },
    "is-boolean-object": {
      "version": "1.1.1",
      "resolved": "https://registry.npmjs.org/is-boolean-object/-/is-boolean-object-1.1.1.tgz",
      "integrity": "sha512-bXdQWkECBUIAcCkeH1unwJLIpZYaa5VvuygSyS/c2lf719mTKZDU5UdDRlpd01UjADgmW8RfqaP+mRaVPdr/Ng==",
      "dev": true,
      "requires": {
        "call-bind": "^1.0.2"
      }
    },
    "is-callable": {
      "version": "1.2.3",
      "resolved": "https://registry.npmjs.org/is-callable/-/is-callable-1.2.3.tgz",
      "integrity": "sha512-J1DcMe8UYTBSrKezuIUTUwjXsho29693unXM2YhJUTR2txK/eG47bvNa/wipPFmZFgr/N6f1GA66dv0mEyTIyQ==",
      "dev": true
    },
    "is-core-module": {
      "version": "2.4.0",
      "resolved": "https://registry.npmjs.org/is-core-module/-/is-core-module-2.4.0.tgz",
      "integrity": "sha512-6A2fkfq1rfeQZjxrZJGerpLCTHRNEBiSgnu0+obeJpEPZRUooHgsizvzv0ZjJwOz3iWIHdJtVWJ/tmPr3D21/A==",
      "dev": true,
      "requires": {
        "has": "^1.0.3"
      }
    },
    "is-date-object": {
      "version": "1.0.4",
      "resolved": "https://registry.npmjs.org/is-date-object/-/is-date-object-1.0.4.tgz",
      "integrity": "sha512-/b4ZVsG7Z5XVtIxs/h9W8nvfLgSAyKYdtGWQLbqy6jA1icmgjf8WCoTKgeS4wy5tYaPePouzFMANbnj94c2Z+A==",
      "dev": true
    },
    "is-negative-zero": {
      "version": "2.0.1",
      "resolved": "https://registry.npmjs.org/is-negative-zero/-/is-negative-zero-2.0.1.tgz",
      "integrity": "sha512-2z6JzQvZRa9A2Y7xC6dQQm4FSTSTNWjKIYYTt4246eMTJmIo0Q+ZyOsU66X8lxK1AbB92dFeglPLrhwpeRKO6w==",
      "dev": true
    },
    "is-number-object": {
      "version": "1.0.5",
      "resolved": "https://registry.npmjs.org/is-number-object/-/is-number-object-1.0.5.tgz",
      "integrity": "sha512-RU0lI/n95pMoUKu9v1BZP5MBcZuNSVJkMkAG2dJqC4z2GlkGUNeH68SuHuBKBD/XFe+LHZ+f9BKkLET60Niedw==",
      "dev": true
    },
    "is-regex": {
      "version": "1.1.3",
      "resolved": "https://registry.npmjs.org/is-regex/-/is-regex-1.1.3.tgz",
      "integrity": "sha512-qSVXFz28HM7y+IWX6vLCsexdlvzT1PJNFSBuaQLQ5o0IEw8UDYW6/2+eCMVyIsbM8CNLX2a/QWmSpyxYEHY7CQ==",
      "dev": true,
      "requires": {
        "call-bind": "^1.0.2",
        "has-symbols": "^1.0.2"
      }
    },
    "is-string": {
      "version": "1.0.6",
      "resolved": "https://registry.npmjs.org/is-string/-/is-string-1.0.6.tgz",
      "integrity": "sha512-2gdzbKUuqtQ3lYNrUTQYoClPhm7oQu4UdpSZMp1/DGgkHBT8E2Z1l0yMdb6D4zNAxwDiMv8MdulKROJGNl0Q0w==",
      "dev": true
    },
    "is-symbol": {
      "version": "1.0.4",
      "resolved": "https://registry.npmjs.org/is-symbol/-/is-symbol-1.0.4.tgz",
      "integrity": "sha512-C/CPBqKWnvdcxqIARxyOh4v1UUEOCHpgDa0WYgpKDFMszcrPcffg5uhwSgPCLD2WWxmq6isisz87tzT01tuGhg==",
      "dev": true,
      "requires": {
        "has-symbols": "^1.0.2"
      }
    },
    "jest": {
      "version": "20.0.4",
      "resolved": "https://registry.npmjs.org/jest/-/jest-20.0.4.tgz",
      "integrity": "sha1-PdJgwpidba1nix6cxNkZRPbWAqw=",
      "dev": true,
      "dependencies": {
        "callsites": {
          "version": "2.0.0",
          "resolved": "https://registry.npmjs.org/callsites/-/callsites-2.0.0.tgz",
          "integrity": "sha1-BuuE8A7qQT2oav/vrL/7Ngk7PFA="
        },
        "jest-cli": {
          "version": "20.0.4",
          "resolved": "https://registry.npmjs.org/jest-cli/-/jest-cli-20.0.4.tgz",
          "integrity": "sha1-5TKxnYiuW8bEF+iwWTpv6VSx3JM="
        }
      }
    },
    "js-tokens": {
      "version": "3.0.1",
      "resolved": "https://registry.npmjs.org/js-tokens/-/js-tokens-3.0.1.tgz",
      "integrity": "sha1-COnxMkhKLEWjCQfp3E1VZ7fxFNc=",
      "dev": true
    },
    "json-parse-better-errors": {
      "version": "1.0.2",
      "resolved": "https://registry.npmjs.org/json-parse-better-errors/-/json-parse-better-errors-1.0.2.tgz",
      "integrity": "sha512-mrqyZKfX5EhL7hvqcV6WG1yYjnjeuYDzDhhcAAUrq8Po85NBQBJP+ZDUT75qZQ98IkUoBqdkExkukOU7Ts2wrw==",
      "dev": true
    },
    "jsx-ast-utils": {
      "version": "1.4.1",
      "resolved": "https://registry.npmjs.org/jsx-ast-utils/-/jsx-ast-utils-1.4.1.tgz",
      "integrity": "sha1-OGchPo3Xm/Ho8jAMDPwe+xgsDfE=",
      "dev": true
    },
    "minimatch": {
      "version": "3.0.4",
      "resolved": "https://registry.npmjs.org/minimatch/-/minimatch-3.0.4.tgz",
      "integrity": "sha512-yJHVQEhyqPLUTgt9B83PXu6W3rx4MvvHvSUvToogpwoGDOUQ+yDrR0HRot+yOCdCO7u4hX3pWft6kWBBcqh0UA==",
      "dev": true
    },
    "ms": {
      "version": "2.0.0",
      "resolved": "https://registry.npmjs.org/ms/-/ms-2.0.0.tgz",
      "integrity": "sha1-VgiurfwAvmwpAd9fmGF4jeDVl8g=",
      "dev": true
    },
    "normalize-package-data": {
      "version": "2.3.8",
      "resolved": "https://registry.npmjs.org/normalize-package-data/-/normalize-package-data-2.3.8.tgz",
      "integrity": "sha1-2Bntoqne29H/pWPqQHHZNngilbs=",
      "dev": true
    },
    "object-assign": {
      "version": "4.1.1",
      "resolved": "https://registry.npmjs.org/object-assign/-/object-assign-4.1.1.tgz",
      "integrity": "sha1-IQmtx5ZYh8/AXLvUQsrIv7s2CGM=",
      "dev": true
    },
    "object-inspect": {
      "version": "1.10.3",
      "resolved": "https://registry.npmjs.org/object-inspect/-/object-inspect-1.10.3.tgz",
      "integrity": "sha512-e5mCJlSH7poANfC8z8S9s9S2IN5/4Zb3aZ33f5s8YqoazCFzNLloLU8r5VCG+G7WoqLvAAZoVMcy3tp/3X0Plw==",
      "dev": true
    },
    "object-keys": {
      "version": "1.1.1",
      "resolved": "https://registry.npmjs.org/object-keys/-/object-keys-1.1.1.tgz",
      "integrity": "sha512-NuAESUOUMrlIXOfHKzD6bpPu3tYt3xvjNdRIQ+FeT0lNb4K8WR70CaDxhuNguS2XG+GjkyMwOzsN5ZktImfhLA==",
      "dev": true
    },
    "object.assign": {
      "version": "4.1.2",
      "resolved": "https://registry.npmjs.org/object.assign/-/object.assign-4.1.2.tgz",
      "integrity": "sha512-ixT2L5THXsApyiUPYKmW+2EHpXXe5Ii3M+f4e+aJFAHao5amFRW6J0OO6c/LU8Be47utCx2GL89hxGB6XSmKuQ==",
      "dev": true,
      "requires": {
        "call-bind": "^1.0.0",
        "define-properties": "^1.1.3",
        "has-symbols": "^1.0.1",
        "object-keys": "^1.1.1"
      }
    },
    "object.entries": {
      "version": "1.1.4",
      "resolved": "https://registry.npmjs.org/object.entries/-/object.entries-1.1.4.tgz",
      "integrity": "sha512-h4LWKWE+wKQGhtMjZEBud7uLGhqyLwj8fpHOarZhD2uY3C9cRtk57VQ89ke3moByLXMedqs3XCHzyb4AmA2DjA==",
      "dev": true,
      "requires": {
        "call-bind": "^1.0.2",
        "define-properties": "^1.1.3",
        "es-abstract": "^1.18.2"
      }
    },
    "object.fromentries": {
      "version": "2.0.4",
      "resolved": "https://registry.npmjs.org/object.fromentries/-/object.fromentries-2.0.4.tgz",
      "integrity": "sha512-EsFBshs5RUUpQEY1D4q/m59kMfz4YJvxuNCJcv/jWwOJr34EaVnG11ZrZa0UHB3wnzV1wx8m58T4hQL8IuNXlQ==",
      "dev": true,
      "requires": {
        "call-bind": "^1.0.2",
        "define-properties": "^1.1.3",
        "es-abstract": "^1.18.0-next.2",
        "has": "^1.0.3"
      }
    },
    "object.values": {
      "version": "1.1.4",
      "resolved": "https://registry.npmjs.org/object.values/-/object.values-1.1.4.tgz",
      "integrity": "sha512-TnGo7j4XSnKQoK3MfvkzqKCi0nVe/D9I9IjwTNYdb/fxYHpjrluHVOgw0AF6jrRFGMPHdfuidR09tIDiIvnaSg==",
      "dev": true,
      "requires": {
        "call-bind": "^1.0.2",
        "define-properties": "^1.1.3",
        "es-abstract": "^1.18.2"
      }
    },
    "pkg-dir": {
      "version": "2.0.0",
      "resolved": "https://registry.npmjs.org/pkg-dir/-/pkg-dir-2.0.0.tgz",
      "integrity": "sha1-9tXREJ4Z1j7fQo4L1X4Sd3YVM0s=",
      "dev": true,
      "requires": {
        "find-up": "^2.1.0"
      }
    },
    "pkg-up": {
      "version": "2.0.0",
      "resolved": "https://registry.npmjs.org/pkg-up/-/pkg-up-2.0.0.tgz",
      "integrity": "sha1-yBmscoBZpGHKscOImivjxJoATX8=",
      "dev": true,
      "requires": {
        "find-up": "^2.1.0"
      }
    },
    "prop-types": {
      "version": "15.7.2",
      "resolved": "https://registry.npmjs.org/prop-types/-/prop-types-15.7.2.tgz",
      "integrity": "sha512-8QQikdH7//R2vurIJSutZ1smHYTcLpRWEOlHnzcWHmBYrOGUysKwSsrC89BCiFj3CbrfJ/nXFdJepOVrY1GCHQ==",
      "dev": true,
      "requires": {
        "loose-envify": "^1.4.0",
        "object-assign": "^4.1.1",
        "react-is": "^16.8.1"
      },
      "dependencies": {
        "loose-envify": {
          "version": "1.4.0",
          "resolved": "https://registry.npmjs.org/loose-envify/-/loose-envify-1.4.0.tgz",
          "integrity": "sha512-lyuxPGr/Wfhrlem2CL/UcnUc1zcqKAImBDzukY7Y5F/yQiNdko6+fRLevlw1HgMySw7f611UIY408EtxRSoK3Q==",
          "dev": true,
          "requires": {
            "js-tokens": "^3.0.0 || ^4.0.0"
          }
        }
      }
    },
    "react-is": {
      "version": "16.13.1",
      "resolved": "https://registry.npmjs.org/react-is/-/react-is-16.13.1.tgz",
      "integrity": "sha512-24e6ynE2H+OKt4kqsOvNd8kBpV65zoxbA4BVsEOB3ARVWQki/DHzaUoC5KuON/BiccDaCCTZBuOcfZs70kR8bQ==",
      "dev": true
    },
    "regexp.prototype.flags": {
      "version": "1.3.1",
      "resolved": "https://registry.npmjs.org/regexp.prototype.flags/-/regexp.prototype.flags-1.3.1.tgz",
      "integrity": "sha512-JiBdRBq91WlY7uRJ0ds7R+dU02i6LKi8r3BuQhNXn+kmeLN+EfHhfjqMRis1zJxnlu88hq/4dx0P2OP3APRTOA==",
      "dev": true,
      "requires": {
        "call-bind": "^1.0.2",
        "define-properties": "^1.1.3"
      }
    },
    "side-channel": {
      "version": "1.0.4",
      "resolved": "https://registry.npmjs.org/side-channel/-/side-channel-1.0.4.tgz",
      "integrity": "sha512-q5XPytqFEIKHkGdiMIrY10mvLRvnQh42/+GoBlFW3b2LXLE2xxJpZFdm94we0BaoV3RwJyGqg5wS7epxTv0Zvw==",
      "dev": true,
      "requires": {
        "call-bind": "^1.0.0",
        "get-intrinsic": "^1.0.2",
        "object-inspect": "^1.9.0"
      }
    },
    "string.prototype.matchall": {
      "version": "4.0.5",
      "resolved": "https://registry.npmjs.org/string.prototype.matchall/-/string.prototype.matchall-4.0.5.tgz",
      "integrity": "sha512-Z5ZaXO0svs0M2xd/6By3qpeKpLKd9mO4v4q3oMEQrk8Ck4xOD5d5XeBOOjGrmVZZ/AHB1S0CgG4N5r1G9N3E2Q==",
      "dev": true,
      "requires": {
        "call-bind": "^1.0.2",
        "define-properties": "^1.1.3",
        "es-abstract": "^1.18.2",
        "get-intrinsic": "^1.1.1",
        "has-symbols": "^1.0.2",
        "internal-slot": "^1.0.3",
        "regexp.prototype.flags": "^1.3.1",
        "side-channel": "^1.0.4"
      }
    },
    "string.prototype.trimend": {
      "version": "1.0.4",
      "resolved": "https://registry.npmjs.org/string.prototype.trimend/-/string.prototype.trimend-1.0.4.tgz",
      "integrity": "sha512-y9xCjw1P23Awk8EvTpcyL2NIr1j7wJ39f+k6lvRnSMz+mz9CGz9NYPelDk42kOz6+ql8xjfK8oYzy3jAP5QU5A==",
      "dev": true,
      "requires": {
        "call-bind": "^1.0.2",
        "define-properties": "^1.1.3"
      }
    },
    "string.prototype.trimstart": {
      "version": "1.0.4",
      "resolved": "https://registry.npmjs.org/string.prototype.trimstart/-/string.prototype.trimstart-1.0.4.tgz",
      "integrity": "sha512-jh6e984OBfvxS50tdY2nRZnoC5/mLFKOREQfw8t5yytkoUsJRNxvI/E39qu1sD0OtWI3OC0XgKSmcWwziwYuZw==",
      "dev": true,
      "requires": {
        "call-bind": "^1.0.2",
        "define-properties": "^1.1.3"
      }
    },
    "tsconfig-paths": {
      "version": "3.9.0",
      "resolved": "https://registry.npmjs.org/tsconfig-paths/-/tsconfig-paths-3.9.0.tgz",
      "integrity": "sha512-dRcuzokWhajtZWkQsDVKbWyY+jgcLC5sqJhg2PSgf4ZkH2aHPvaOY8YWGhmjb68b5qqTfasSsDO9k7RUiEmZAw==",
      "dev": true,
      "requires": {
        "@types/json5": "^0.0.29",
        "json5": "^1.0.1",
        "minimist": "^1.2.0",
        "strip-bom": "^3.0.0"
      },
      "dependencies": {
        "json5": {
          "version": "1.0.1",
          "resolved": "https://registry.npmjs.org/json5/-/json5-1.0.1.tgz",
          "integrity": "sha512-aKS4WQjPenRxiQsC93MNfjx+nbF4PAdYzmd/1JIj8HYzqfbu86beTuNgXDzPknWk0n0uARlyewZo4s++ES36Ow==",
          "dev": true,
          "requires": {
            "minimist": "^1.2.0"
          }
        },
        "minimist": {
          "version": "1.2.5",
          "resolved": "https://registry.npmjs.org/minimist/-/minimist-1.2.5.tgz",
          "integrity": "sha512-FM9nNUYrRBAELZQT3xeZQ7fmMOBg6nWNmJKTcgsJeaLstP/UODVpGsr5OhXhhXg6f+qtJ8uiZ+PUxkDWcgIXLw==",
          "dev": true
        },
        "strip-bom": {
          "version": "3.0.0",
          "resolved": "https://registry.npmjs.org/strip-bom/-/strip-bom-3.0.0.tgz",
          "integrity": "sha1-IzTBjpx1n3vdVv3vfprj1YjmjtM=",
          "dev": true
        }
      }
    },
    "unbox-primitive": {
      "version": "1.0.1",
      "resolved": "https://registry.npmjs.org/unbox-primitive/-/unbox-primitive-1.0.1.tgz",
      "integrity": "sha512-tZU/3NqK3dA5gpE1KtyiJUrEB0lxnGkMFHptJ7q6ewdZ8s12QrODwNbhIJStmJkd1QDXa1NRA8aF2A1zk/Ypyw==",
      "dev": true,
      "requires": {
        "function-bind": "^1.1.1",
        "has-bigints": "^1.0.1",
        "has-symbols": "^1.0.2",
        "which-boxed-primitive": "^1.0.2"
      }
    },
    "which-boxed-primitive": {
      "version": "1.0.2",
      "resolved": "https://registry.npmjs.org/which-boxed-primitive/-/which-boxed-primitive-1.0.2.tgz",
      "integrity": "sha512-bwZdv0AKLpplFY2KZRX6TvyuN7ojjr7lwkg6ml0roIy9YeuSr7JS372qlNW18UQYzgYK9ziGcerWqZOmEn9VNg==",
      "dev": true,
      "requires": {
        "is-bigint": "^1.0.1",
        "is-boolean-object": "^1.1.0",
        "is-number-object": "^1.0.4",
        "is-string": "^1.0.5",
        "is-symbol": "^1.0.3"
      }
    }
  }
}
